
Microsoft Visual Studio Solution File, Format Version 12.00
# Visual Studio Version 17
VisualStudioVersion = 17.8.34511.84
MinimumVisualStudioVersion = 10.0.40219.1
Project("{FAE04EC0-301F-11D3-BF4B-00C04F79EFBC}") = "16.04.24_c#_lab", "16.04.24_c#_lab.csproj", "{33AFADFB-34B8-4E29-9733-F3775B624D1E}"
EndProject
Global
	GlobalSection(SolutionConfigurationPlatforms) = preSolution
		Debug|Any CPU = Debug|Any CPU
		Release|Any CPU = Release|Any CPU
	EndGlobalSection
	GlobalSection(ProjectConfigurationPlatforms) = postSolution
		{33AFADFB-34B8-4E29-9733-F3775B624D1E}.Debug|Any CPU.ActiveCfg = Debug|Any CPU
		{33AFADFB-34B8-4E29-9733-F3775B624D1E}.Debug|Any CPU.Build.0 = Debug|Any CPU
		{33AFADFB-34B8-4E29-9733-F3775B624D1E}.Release|Any CPU.ActiveCfg = Release|Any CPU
		{33AFADFB-34B8-4E29-9733-F3775B624D1E}.Release|Any CPU.Build.0 = Release|Any CPU
	EndGlobalSection
	GlobalSection(SolutionProperties) = preSolution
		HideSolutionNode = FALSE
	EndGlobalSection
	GlobalSection(ExtensibilityGlobals) = postSolution
		SolutionGuid = {8476DFB3-2E6F-495E-9992-9F3B308BDB2C}
	EndGlobalSection
EndGlobal
